
Microsoft Visual Studio Solution File, Format Version 12.00
# Visual Studio Version 16
VisualStudioVersion = 16.0.29418.71
MinimumVisualStudioVersion = 10.0.40219.1
Project("{FAE04EC0-301F-11D3-BF4B-00C04F79EFBC}") = "TestMVCFrameworkAspNet", "TestMVCFrameworkAspNet\TestMVCFrameworkAspNet.csproj", "{A558B05C-B517-4851-9A91-976C2FF4CA31}"
EndProject
Project("{FAE04EC0-301F-11D3-BF4B-00C04F79EFBC}") = "TestMVCCoreAspNet", "TestMVCCoreAspNet\TestMVCCoreAspNet.csproj", "{61E3053D-FAB3-4C65-BF47-827862B4D574}"
EndProject
Project("{FAE04EC0-301F-11D3-BF4B-00C04F79EFBC}") = "TestWebApiCoreAspNet", "TestWebApiCoreAspNet\TestWebApiCoreAspNet.csproj", "{A9BB292B-ABFD-4BBA-B8E2-798702B56D34}"
EndProject
Project("{FAE04EC0-301F-11D3-BF4B-00C04F79EFBC}") = "TestWebApiFrameworkAspNet", "TestWebApiFrameworkAspNet\TestWebApiFrameworkAspNet.csproj", "{5ED01E0C-D7E3-4EC5-B764-3CFAA16BFA8D}"
EndProject
Global
	GlobalSection(SolutionConfigurationPlatforms) = preSolution
		Debug|Any CPU = Debug|Any CPU
		Release|Any CPU = Release|Any CPU
	EndGlobalSection
	GlobalSection(ProjectConfigurationPlatforms) = postSolution
		{A558B05C-B517-4851-9A91-976C2FF4CA31}.Debug|Any CPU.ActiveCfg = Debug|Any CPU
		{A558B05C-B517-4851-9A91-976C2FF4CA31}.Debug|Any CPU.Build.0 = Debug|Any CPU
		{A558B05C-B517-4851-9A91-976C2FF4CA31}.Release|Any CPU.ActiveCfg = Release|Any CPU
		{A558B05C-B517-4851-9A91-976C2FF4CA31}.Release|Any CPU.Build.0 = Release|Any CPU
		{61E3053D-FAB3-4C65-BF47-827862B4D574}.Debug|Any CPU.ActiveCfg = Debug|Any CPU
		{61E3053D-FAB3-4C65-BF47-827862B4D574}.Debug|Any CPU.Build.0 = Debug|Any CPU
		{61E3053D-FAB3-4C65-BF47-827862B4D574}.Release|Any CPU.ActiveCfg = Release|Any CPU
		{61E3053D-FAB3-4C65-BF47-827862B4D574}.Release|Any CPU.Build.0 = Release|Any CPU
		{A9BB292B-ABFD-4BBA-B8E2-798702B56D34}.Debug|Any CPU.ActiveCfg = Debug|Any CPU
		{A9BB292B-ABFD-4BBA-B8E2-798702B56D34}.Debug|Any CPU.Build.0 = Debug|Any CPU
		{A9BB292B-ABFD-4BBA-B8E2-798702B56D34}.Release|Any CPU.ActiveCfg = Release|Any CPU
		{A9BB292B-ABFD-4BBA-B8E2-798702B56D34}.Release|Any CPU.Build.0 = Release|Any CPU
		{5ED01E0C-D7E3-4EC5-B764-3CFAA16BFA8D}.Debug|Any CPU.ActiveCfg = Debug|Any CPU
		{5ED01E0C-D7E3-4EC5-B764-3CFAA16BFA8D}.Debug|Any CPU.Build.0 = Debug|Any CPU
		{5ED01E0C-D7E3-4EC5-B764-3CFAA16BFA8D}.Release|Any CPU.ActiveCfg = Release|Any CPU
		{5ED01E0C-D7E3-4EC5-B764-3CFAA16BFA8D}.Release|Any CPU.Build.0 = Release|Any CPU
	EndGlobalSection
	GlobalSection(SolutionProperties) = preSolution
		HideSolutionNode = FALSE
	EndGlobalSection
	GlobalSection(ExtensibilityGlobals) = postSolution
		SolutionGuid = {131F5659-41F5-4C0B-940F-3F41FA6DB8CE}
	EndGlobalSection
EndGlobal
